{
  "name": "keyboard-master",
  "version": "1.1.0",
  "lockfileVersion": 1,
  "requires": true,
  "dependencies": {
    "esbuild": {
      "version": "0.7.19",
      "resolved": "https://registry.npmjs.org/esbuild/-/esbuild-0.7.19.tgz",
      "integrity": "sha512-0Ur8ZtuRPwJMj4+VjRLqn5z88WXf+2etZhe4dBA6eYFcdviQefb+Vrd59cTk0VXg08NU/BnAMkalCMHI8lig/A==",
      "dev": true
    },
    "typescript": {
      "version": "3.7.3",
      "resolved": "https://registry.npmjs.org/typescript/-/typescript-3.7.3.tgz",
      "integrity": "sha512-Mcr/Qk7hXqFBXMN7p7Lusj1ktCBydylfQM/FZCk5glCNQJrCUKPkMHdo9R0MTFWsC/4kPFvDS0fDPvukfCkFsw==",
      "dev": true
    }
  }
}
